Microsoft Visual Studio Solution File, Format Version 12.00
# Visual Studio Version 18
VisualStudioVersion = 18.2.11415.280
MinimumVisualStudioVersion = 10.0.40219.1
Project("{2150E333-8FDC-42A3-9474-1A3956D46DE8}") = "src", "src", "{827E0CD3-B72D-47B6-A68D-7590B98EB39B}"
EndProject
Project("{2150E333-8FDC-42A3-9474-1A3956D46DE8}") = "server", "server", "{E6B48023-E680-40DA-9E17-319585C26937}"
EndProject
Project("{FAE04EC0-301F-11D3-BF4B-00C04F79EFBC}") = "Reqnroll.LanguageServer", "src\server\Reqnroll.LanguageServer\Reqnroll.LanguageServer.csproj", "{2B77DC7E-6F37-DAEC-36C2-B1949C9B8E5E}"
EndProject
Project("{2150E333-8FDC-42A3-9474-1A3956D46DE8}") = "Demo", "Demo", "{3AE1701B-C77C-42A6-810B-3A1DD6915286}"
EndProject
Project("{FAE04EC0-301F-11D3-BF4B-00C04F79EFBC}") = "Example.NUnit", "Demo\Example.NUnit\Example.NUnit.csproj", "{9D949AFE-D8A5-C6A1-9523-25AC3AD98B2D}"
EndProject
Project("{FAE04EC0-301F-11D3-BF4B-00C04F79EFBC}") = "Example.Bindings", "Demo\Example.Bindings\Example.Bindings.csproj", "{2897E8CC-9990-D4B0-B979-88EB0835FA23}"
EndProject
Project("{FAE04EC0-301F-11D3-BF4B-00C04F79EFBC}") = "Example.XUnit2", "Demo\Example.XUnit2\Example.XUnit2.csproj", "{8620F92B-4D61-387B-A546-50CF0EE83B18}"
EndProject
Project("{FAE04EC0-301F-11D3-BF4B-00C04F79EFBC}") = "Example.XUnit3", "Demo\Example.XUnit3\Example.XUnit3.csproj", "{B92B6D4D-CD12-8BD2-DE09-28A9890CBC37}"
EndProject
Project("{FAE04EC0-301F-11D3-BF4B-00C04F79EFBC}") = "Example.MsTest", "Demo\Example.MsTest\Example.MsTest.csproj", "{EC778F34-71F6-4075-400D-26E1D6619F23}"
EndProject
Global
	GlobalSection(SolutionConfigurationPlatforms) = preSolution
		Debug|Any CPU = Debug|Any CPU
		Release|Any CPU = Release|Any CPU
	EndGlobalSection
	GlobalSection(ProjectConfigurationPlatforms) = postSolution
		{2B77DC7E-6F37-DAEC-36C2-B1949C9B8E5E}.Debug|Any CPU.ActiveCfg = Debug|Any CPU
		{2B77DC7E-6F37-DAEC-36C2-B1949C9B8E5E}.Debug|Any CPU.Build.0 = Debug|Any CPU
		{2B77DC7E-6F37-DAEC-36C2-B1949C9B8E5E}.Release|Any CPU.ActiveCfg = Release|Any CPU
		{2B77DC7E-6F37-DAEC-36C2-B1949C9B8E5E}.Release|Any CPU.Build.0 = Release|Any CPU
		{9D949AFE-D8A5-C6A1-9523-25AC3AD98B2D}.Debug|Any CPU.ActiveCfg = Debug|Any CPU
		{9D949AFE-D8A5-C6A1-9523-25AC3AD98B2D}.Debug|Any CPU.Build.0 = Debug|Any CPU
		{9D949AFE-D8A5-C6A1-9523-25AC3AD98B2D}.Release|Any CPU.ActiveCfg = Release|Any CPU
		{9D949AFE-D8A5-C6A1-9523-25AC3AD98B2D}.Release|Any CPU.Build.0 = Release|Any CPU
		{2897E8CC-9990-D4B0-B979-88EB0835FA23}.Debug|Any CPU.ActiveCfg = Debug|Any CPU
		{2897E8CC-9990-D4B0-B979-88EB0835FA23}.Debug|Any CPU.Build.0 = Debug|Any CPU
		{2897E8CC-9990-D4B0-B979-88EB0835FA23}.Release|Any CPU.ActiveCfg = Release|Any CPU
		{2897E8CC-9990-D4B0-B979-88EB0835FA23}.Release|Any CPU.Build.0 = Release|Any CPU
		{8620F92B-4D61-387B-A546-50CF0EE83B18}.Debug|Any CPU.ActiveCfg = Debug|Any CPU
		{8620F92B-4D61-387B-A546-50CF0EE83B18}.Debug|Any CPU.Build.0 = Debug|Any CPU
		{8620F92B-4D61-387B-A546-50CF0EE83B18}.Release|Any CPU.ActiveCfg = Release|Any CPU
		{8620F92B-4D61-387B-A546-50CF0EE83B18}.Release|Any CPU.Build.0 = Release|Any CPU
		{B92B6D4D-CD12-8BD2-DE09-28A9890CBC37}.Debug|Any CPU.ActiveCfg = Debug|Any CPU
		{B92B6D4D-CD12-8BD2-DE09-28A9890CBC37}.Debug|Any CPU.Build.0 = Debug|Any CPU
		{B92B6D4D-CD12-8BD2-DE09-28A9890CBC37}.Release|Any CPU.ActiveCfg = Release|Any CPU
		{B92B6D4D-CD12-8BD2-DE09-28A9890CBC37}.Release|Any CPU.Build.0 = Release|Any CPU
		{EC778F34-71F6-4075-400D-26E1D6619F23}.Debug|Any CPU.ActiveCfg = Debug|Any CPU
		{EC778F34-71F6-4075-400D-26E1D6619F23}.Debug|Any CPU.Build.0 = Debug|Any CPU
		{EC778F34-71F6-4075-400D-26E1D6619F23}.Release|Any CPU.ActiveCfg = Release|Any CPU
		{EC778F34-71F6-4075-400D-26E1D6619F23}.Release|Any CPU.Build.0 = Release|Any CPU
	EndGlobalSection
	GlobalSection(SolutionProperties) = preSolution
		HideSolutionNode = FALSE
	EndGlobalSection
	GlobalSection(NestedProjects) = preSolution
		{E6B48023-E680-40DA-9E17-319585C26937} = {827E0CD3-B72D-47B6-A68D-7590B98EB39B}
		{2B77DC7E-6F37-DAEC-36C2-B1949C9B8E5E} = {E6B48023-E680-40DA-9E17-319585C26937}
		{3AE1701B-C77C-42A6-810B-3A1DD6915286} = {827E0CD3-B72D-47B6-A68D-7590B98EB39B}
		{9D949AFE-D8A5-C6A1-9523-25AC3AD98B2D} = {3AE1701B-C77C-42A6-810B-3A1DD6915286}
		{2897E8CC-9990-D4B0-B979-88EB0835FA23} = {3AE1701B-C77C-42A6-810B-3A1DD6915286}
		{8620F92B-4D61-387B-A546-50CF0EE83B18} = {3AE1701B-C77C-42A6-810B-3A1DD6915286}
		{B92B6D4D-CD12-8BD2-DE09-28A9890CBC37} = {3AE1701B-C77C-42A6-810B-3A1DD6915286}
		{EC778F34-71F6-4075-400D-26E1D6619F23} = {3AE1701B-C77C-42A6-810B-3A1DD6915286}
	EndGlobalSection
	GlobalSection(ExtensibilityGlobals) = postSolution
		SolutionGuid = {351F0503-CE40-4895-B708-D50AE3A7FC13}
	EndGlobalSection
EndGlobal
